// !$*UTF8*$!
{
	archiveVersion = 1;
	classes = {
	};
	objectVersion = 50;
	objects = {

/* Begin PBXBuildFile section */
		55EEE71589E5F577011091AF /* Pods_TaskFetcherTests.framework in Frameworks */ = {isa = PBXBuildFile; fileRef = A2F8FE8DFD650FB9C93D1352 /* Pods_TaskFetcherTests.framework */; };
		7E93A0A4880DA8B8737C5BBC /* Pods_TaskFetcher.framework in Frameworks */ = {isa = PBXBuildFile; fileRef = 153D4D6E91B68A882B0AD2BB /* Pods_TaskFetcher.framework */; };
		B1249A1621AE1C9B00AB75EA /* AppDelegate.swift in Sources */ = {isa = PBXBuildFile; fileRef = B1249A1521AE1C9B00AB75EA /* AppDelegate.swift */; };
		B1249A1821AE1C9B00AB75EA /* HomeVC.swift in Sources */ = {isa = PBXBuildFile; fileRef = B1249A1721AE1C9B00AB75EA /* HomeVC.swift */; };
		B1249A1B21AE1C9B00AB75EA /* Main.storyboard in Resources */ = {isa = PBXBuildFile; fileRef = B1249A1921AE1C9B00AB75EA /* Main.storyboard */; };
		B1249A1E21AE1C9B00AB75EA /* TaskFetcher.xcdatamodeld in Sources */ = {isa = PBXBuildFile; fileRef = B1249A1C21AE1C9B00AB75EA /* TaskFetcher.xcdatamodeld */; };
		B1249A2021AE1C9C00AB75EA /* Assets.xcassets in Resources */ = {isa = PBXBuildFile; fileRef = B1249A1F21AE1C9C00AB75EA /* Assets.xcassets */; };
		B1249A2321AE1C9C00AB75EA /* LaunchScreen.storyboard in Resources */ = {isa = PBXBuildFile; fileRef = B1249A2121AE1C9C00AB75EA /* LaunchScreen.storyboard */; };
		B1249A2E21AE1C9C00AB75EA /* TaskFetcherTests.swift in Sources */ = {isa = PBXBuildFile; fileRef = B1249A2D21AE1C9C00AB75EA /* TaskFetcherTests.swift */; };
		B1249A3921AE1C9C00AB75EA /* TaskFetcherUITests.swift in Sources */ = {isa = PBXBuildFile; fileRef = B1249A3821AE1C9C00AB75EA /* TaskFetcherUITests.swift */; };
		B1249A4821AE219600AB75EA /* StoreKit.framework in Frameworks */ = {isa = PBXBuildFile; fileRef = B1249A4721AE219600AB75EA /* StoreKit.framework */; };
		B1249A4A21AE2B1D00AB75EA /* GoogleService-Info.plist in Resources */ = {isa = PBXBuildFile; fileRef = B1249A4921AE2B1D00AB75EA /* GoogleService-Info.plist */; };
		B1249A5021AE312100AB75EA /* CDService.swift in Sources */ = {isa = PBXBuildFile; fileRef = B1249A4F21AE312100AB75EA /* CDService.swift */; };
		B1249A5321AE352600AB75EA /* LocalUser+CoreDataClass.swift in Sources */ = {isa = PBXBuildFile; fileRef = B1249A5121AE352600AB75EA /* LocalUser+CoreDataClass.swift */; };
		B1249A5421AE352600AB75EA /* LocalUser+CoreDataProperties.swift in Sources */ = {isa = PBXBuildFile; fileRef = B1249A5221AE352600AB75EA /* LocalUser+CoreDataProperties.swift */; };
		B1249A5621AE384100AB75EA /* UserCell.swift in Sources */ = {isa = PBXBuildFile; fileRef = B1249A5521AE384100AB75EA /* UserCell.swift */; };
		B1249A5821AE42E100AB75EA /* LoginSignupVC.swift in Sources */ = {isa = PBXBuildFile; fileRef = B1249A5721AE42E100AB75EA /* LoginSignupVC.swift */; };
		B1249A5A21AE5E1E00AB75EA /* SessionManager.swift in Sources */ = {isa = PBXBuildFile; fileRef = B1249A5921AE5E1E00AB75EA /* SessionManager.swift */; };
		B1B9764021AE727000C20CA4 /* PrimarySplitViewController.swift in Sources */ = {isa = PBXBuildFile; fileRef = B1B9763F21AE727000C20CA4 /* PrimarySplitViewController.swift */; };
		FD47DD6D4C5F4C4F82AD6994 /* Pods_TaskFetcherUITests.framework in Frameworks */ = {isa = PBXBuildFile; fileRef = 5860D264EDA302CBF8FE6F9C /* Pods_TaskFetcherUITests.framework */; };
/* End PBXBuildFile section */

/* Begin PBXContainerItemProxy section */
		B1249A2A21AE1C9C00AB75EA /* PBXContainerItemProxy */ = {
			isa = PBXContainerItemProxy;
			containerPortal = B1249A0A21AE1C9B00AB75EA /* Project object */;
			proxyType = 1;
			remoteGlobalIDString = B1249A1121AE1C9B00AB75EA;
			remoteInfo = TaskFetcher;
		};
		B1249A3521AE1C9C00AB75EA /* PBXContainerItemProxy */ = {
			isa = PBXContainerItemProxy;
			containerPortal = B1249A0A21AE1C9B00AB75EA /* Project object */;
			proxyType = 1;
			remoteGlobalIDString = B1249A1121AE1C9B00AB75EA;
			remoteInfo = TaskFetcher;
		};
/* End PBXContainerItemProxy section */

/* Begin PBXFileReference section */
		153D4D6E91B68A882B0AD2BB /* Pods_TaskFetcher.framework */ = {isa = PBXFileReference; explicitFileType = wrapper.framework; includeInIndex = 0; path = Pods_TaskFetcher.framework; sourceTree = BUILT_PRODUCTS_DIR; };
		30F5D42E6EBD3185ADF41154 /* Pods-TaskFetcherUITests.debug.xcconfig */ = {isa = PBXFileReference; includeInIndex = 1; lastKnownFileType = text.xcconfig; name = "Pods-TaskFetcherUITests.debug.xcconfig"; path = "Pods/Target Support Files/Pods-TaskFetcherUITests/Pods-TaskFetcherUITests.debug.xcconfig"; sourceTree = "<group>"; };
		4A2212E006B634D74101CC0F /* Pods-TaskFetcherTests.debug.xcconfig */ = {isa = PBXFileReference; includeInIndex = 1; lastKnownFileType = text.xcconfig; name = "Pods-TaskFetcherTests.debug.xcconfig"; path = "Pods/Target Support Files/Pods-TaskFetcherTests/Pods-TaskFetcherTests.debug.xcconfig"; sourceTree = "<group>"; };
		5860D264EDA302CBF8FE6F9C /* Pods_TaskFetcherUITests.framework */ = {isa = PBXFileReference; explicitFileType = wrapper.framework; includeInIndex = 0; path = Pods_TaskFetcherUITests.framework; sourceTree = BUILT_PRODUCTS_DIR; };
		59218F1755F54500DD089A7C /* Pods-TaskFetcherUITests.release.xcconfig */ = {isa = PBXFileReference; includeInIndex = 1; lastKnownFileType = text.xcconfig; name = "Pods-TaskFetcherUITests.release.xcconfig"; path = "Pods/Target Support Files/Pods-TaskFetcherUITests/Pods-TaskFetcherUITests.release.xcconfig"; sourceTree = "<group>"; };
		921A3BC1F845987D39DC1831 /* Pods-TaskFetcherTests.release.xcconfig */ = {isa = PBXFileReference; includeInIndex = 1; lastKnownFileType = text.xcconfig; name = "Pods-TaskFetcherTests.release.xcconfig"; path = "Pods/Target Support Files/Pods-TaskFetcherTests/Pods-TaskFetcherTests.release.xcconfig"; sourceTree = "<group>"; };
		97854D07C02F4B5A19034E82 /* Pods-TaskFetcher.release.xcconfig */ = {isa = PBXFileReference; includeInIndex = 1; lastKnownFileType = text.xcconfig; name = "Pods-TaskFetcher.release.xcconfig"; path = "Pods/Target Support Files/Pods-TaskFetcher/Pods-TaskFetcher.release.xcconfig"; sourceTree = "<group>"; };
		A2F8FE8DFD650FB9C93D1352 /* Pods_TaskFetcherTests.framework */ = {isa = PBXFileReference; explicitFileType = wrapper.framework; includeInIndex = 0; path = Pods_TaskFetcherTests.framework; sourceTree = BUILT_PRODUCTS_DIR; };
		B1249A1221AE1C9B00AB75EA /* TaskFetcher.app */ = {isa = PBXFileReference; explicitFileType = wrapper.application; includeInIndex = 0; path = TaskFetcher.app; sourceTree = BUILT_PRODUCTS_DIR; };
		B1249A1521AE1C9B00AB75EA /* AppDelegate.swift */ = {isa = PBXFileReference; lastKnownFileType = sourcecode.swift; path = AppDelegate.swift; sourceTree = "<group>"; };
		B1249A1721AE1C9B00AB75EA /* HomeVC.swift */ = {isa = PBXFileReference; lastKnownFileType = sourcecode.swift; path = HomeVC.swift; sourceTree = "<group>"; };
		B1249A1A21AE1C9B00AB75EA /* Base */ = {isa = PBXFileReference; lastKnownFileType = file.storyboard; name = Base; path = Base.lproj/Main.storyboard; sourceTree = "<group>"; };
		B1249A1D21AE1C9B00AB75EA /* TaskFetcher.xcdatamodel */ = {isa = PBXFileReference; lastKnownFileType = wrapper.xcdatamodel; path = TaskFetcher.xcdatamodel; sourceTree = "<group>"; };
		B1249A1F21AE1C9C00AB75EA /* Assets.xcassets */ = {isa = PBXFileReference; lastKnownFileType = folder.assetcatalog; path = Assets.xcassets; sourceTree = "<group>"; };
		B1249A2221AE1C9C00AB75EA /* Base */ = {isa = PBXFileReference; lastKnownFileType = file.storyboard; name = Base; path = Base.lproj/LaunchScreen.storyboard; sourceTree = "<group>"; };
		B1249A2421AE1C9C00AB75EA /* Info.plist */ = {isa = PBXFileReference; lastKnownFileType = text.plist.xml; path = Info.plist; sourceTree = "<group>"; };
		B1249A2921AE1C9C00AB75EA /* TaskFetcherTests.xctest */ = {isa = PBXFileReference; explicitFileType = wrapper.cfbundle; includeInIndex = 0; path = TaskFetcherTests.xctest; sourceTree = BUILT_PRODUCTS_DIR; };
		B1249A2D21AE1C9C00AB75EA /* TaskFetcherTests.swift */ = {isa = PBXFileReference; lastKnownFileType = sourcecode.swift; path = TaskFetcherTests.swift; sourceTree = "<group>"; };
		B1249A2F21AE1C9C00AB75EA /* Info.plist */ = {isa = PBXFileReference; lastKnownFileType = text.plist.xml; path = Info.plist; sourceTree = "<group>"; };
		B1249A3421AE1C9C00AB75EA /* TaskFetcherUITests.xctest */ = {isa = PBXFileReference; explicitFileType = wrapper.cfbundle; includeInIndex = 0; path = TaskFetcherUITests.xctest; sourceTree = BUILT_PRODUCTS_DIR; };
		B1249A3821AE1C9C00AB75EA /* TaskFetcherUITests.swift */ = {isa = PBXFileReference; lastKnownFileType = sourcecode.swift; path = TaskFetcherUITests.swift; sourceTree = "<group>"; };
		B1249A3A21AE1C9C00AB75EA /* Info.plist */ = {isa = PBXFileReference; lastKnownFileType = text.plist.xml; path = Info.plist; sourceTree = "<group>"; };
		B1249A4721AE219600AB75EA /* StoreKit.framework */ = {isa = PBXFileReference; lastKnownFileType = wrapper.framework; name = StoreKit.framework; path = System/Library/Frameworks/StoreKit.framework; sourceTree = SDKROOT; };
		B1249A4921AE2B1D00AB75EA /* GoogleService-Info.plist */ = {isa = PBXFileReference; fileEncoding = 4; lastKnownFileType = text.plist.xml; path = "GoogleService-Info.plist"; sourceTree = SOURCE_ROOT; };
		B1249A4F21AE312100AB75EA /* CDService.swift */ = {isa = PBXFileReference; lastKnownFileType = sourcecode.swift; path = CDService.swift; sourceTree = "<group>"; };
		B1249A5121AE352600AB75EA /* LocalUser+CoreDataClass.swift */ = {isa = PBXFileReference; lastKnownFileType = sourcecode.swift; path = "LocalUser+CoreDataClass.swift"; sourceTree = "<group>"; };
		B1249A5221AE352600AB75EA /* LocalUser+CoreDataProperties.swift */ = {isa = PBXFileReference; lastKnownFileType = sourcecode.swift; path = "LocalUser+CoreDataProperties.swift"; sourceTree = "<group>"; };
		B1249A5521AE384100AB75EA /* UserCell.swift */ = {isa = PBXFileReference; lastKnownFileType = sourcecode.swift; path = UserCell.swift; sourceTree = "<group>"; };
		B1249A5721AE42E100AB75EA /* LoginSignupVC.swift */ = {isa = PBXFileReference; lastKnownFileType = sourcecode.swift; path = LoginSignupVC.swift; sourceTree = "<group>"; };
		B1249A5921AE5E1E00AB75EA /* SessionManager.swift */ = {isa = PBXFileReference; lastKnownFileType = sourcecode.swift; path = SessionManager.swift; sourceTree = "<group>"; };
		B1B9763F21AE727000C20CA4 /* PrimarySplitViewController.swift */ = {isa = PBXFileReference; lastKnownFileType = sourcecode.swift; path = PrimarySplitViewController.swift; sourceTree = "<group>"; };
		C498704BE9033E45B8D07913 /* Pods-TaskFetcher.debug.xcconfig */ = {isa = PBXFileReference; includeInIndex = 1; lastKnownFileType = text.xcconfig; name = "Pods-TaskFetcher.debug.xcconfig"; path = "Pods/Target Support Files/Pods-TaskFetcher/Pods-TaskFetcher.debug.xcconfig"; sourceTree = "<group>"; };
/* End PBXFileReference section */

/* Begin PBXFrameworksBuildPhase section */
		B1249A0F21AE1C9B00AB75EA /* Frameworks */ = {
			isa = PBXFrameworksBuildPhase;
			buildActionMask = 2147483647;
			files = (
				B1249A4821AE219600AB75EA /* StoreKit.framework in Frameworks */,
				7E93A0A4880DA8B8737C5BBC /* Pods_TaskFetcher.framework in Frameworks */,
			);
			runOnlyForDeploymentPostprocessing = 0;
		};
		B1249A2621AE1C9C00AB75EA /* Frameworks */ = {
			isa = PBXFrameworksBuildPhase;
			buildActionMask = 2147483647;
			files = (
				55EEE71589E5F577011091AF /* Pods_TaskFetcherTests.framework in Frameworks */,
			);
			runOnlyForDeploymentPostprocessing = 0;
		};
		B1249A3121AE1C9C00AB75EA /* Frameworks */ = {
			isa = PBXFrameworksBuildPhase;
			buildActionMask = 2147483647;
			files = (
				FD47DD6D4C5F4C4F82AD6994 /* Pods_TaskFetcherUITests.framework in Frameworks */,
			);
			runOnlyForDeploymentPostprocessing = 0;
		};
/* End PBXFrameworksBuildPhase section */

/* Begin PBXGroup section */
		77FC910DDC872E6BAEA288AA /* Pods */ = {
			isa = PBXGroup;
			children = (
				C498704BE9033E45B8D07913 /* Pods-TaskFetcher.debug.xcconfig */,
				97854D07C02F4B5A19034E82 /* Pods-TaskFetcher.release.xcconfig */,
				4A2212E006B634D74101CC0F /* Pods-TaskFetcherTests.debug.xcconfig */,
				921A3BC1F845987D39DC1831 /* Pods-TaskFetcherTests.release.xcconfig */,
				30F5D42E6EBD3185ADF41154 /* Pods-TaskFetcherUITests.debug.xcconfig */,
				59218F1755F54500DD089A7C /* Pods-TaskFetcherUITests.release.xcconfig */,
			);
			name = Pods;
			sourceTree = "<group>";
		};
		B1249A0921AE1C9B00AB75EA = {
			isa = PBXGroup;
			children = (
				B1249A1421AE1C9B00AB75EA /* TaskFetcher */,
				B1249A2C21AE1C9C00AB75EA /* TaskFetcherTests */,
				B1249A3721AE1C9C00AB75EA /* TaskFetcherUITests */,
				B1249A1321AE1C9B00AB75EA /* Products */,
				B1249A4621AE219600AB75EA /* Frameworks */,
				77FC910DDC872E6BAEA288AA /* Pods */,
			);
			sourceTree = "<group>";
		};
		B1249A1321AE1C9B00AB75EA /* Products */ = {
			isa = PBXGroup;
			children = (
				B1249A1221AE1C9B00AB75EA /* TaskFetcher.app */,
				B1249A2921AE1C9C00AB75EA /* TaskFetcherTests.xctest */,
				B1249A3421AE1C9C00AB75EA /* TaskFetcherUITests.xctest */,
			);
			name = Products;
			sourceTree = "<group>";
		};
		B1249A1421AE1C9B00AB75EA /* TaskFetcher */ = {
			isa = PBXGroup;
			children = (
				B1249A4E21AE310F00AB75EA /* Services */,
				B1249A4D21AE30FB00AB75EA /* Model */,
				B1249A4C21AE30F900AB75EA /* View */,
				B1249A4B21AE30F200AB75EA /* Controller */,
				B1249A1521AE1C9B00AB75EA /* AppDelegate.swift */,
				B1249A2421AE1C9C00AB75EA /* Info.plist */,
				B1249A4921AE2B1D00AB75EA /* GoogleService-Info.plist */,
			);
			path = TaskFetcher;
			sourceTree = "<group>";
		};
		B1249A2C21AE1C9C00AB75EA /* TaskFetcherTests */ = {
			isa = PBXGroup;
			children = (
				B1249A2D21AE1C9C00AB75EA /* TaskFetcherTests.swift */,
				B1249A2F21AE1C9C00AB75EA /* Info.plist */,
			);
			path = TaskFetcherTests;
			sourceTree = "<group>";
		};
		B1249A3721AE1C9C00AB75EA /* TaskFetcherUITests */ = {
			isa = PBXGroup;
			children = (
				B1249A3821AE1C9C00AB75EA /* TaskFetcherUITests.swift */,
				B1249A3A21AE1C9C00AB75EA /* Info.plist */,
			);
			path = TaskFetcherUITests;
			sourceTree = "<group>";
		};
		B1249A4621AE219600AB75EA /* Frameworks */ = {
			isa = PBXGroup;
			children = (
				B1249A4721AE219600AB75EA /* StoreKit.framework */,
				153D4D6E91B68A882B0AD2BB /* Pods_TaskFetcher.framework */,
				A2F8FE8DFD650FB9C93D1352 /* Pods_TaskFetcherTests.framework */,
				5860D264EDA302CBF8FE6F9C /* Pods_TaskFetcherUITests.framework */,
			);
			name = Frameworks;
			sourceTree = "<group>";
		};
		B1249A4B21AE30F200AB75EA /* Controller */ = {
			isa = PBXGroup;
			children = (
				B1249A1721AE1C9B00AB75EA /* HomeVC.swift */,
				B1249A5721AE42E100AB75EA /* LoginSignupVC.swift */,
				B1B9763F21AE727000C20CA4 /* PrimarySplitViewController.swift */,
			);
			path = Controller;
			sourceTree = "<group>";
		};
		B1249A4C21AE30F900AB75EA /* View */ = {
			isa = PBXGroup;
			children = (
				B1249A1F21AE1C9C00AB75EA /* Assets.xcassets */,
				B1249A1921AE1C9B00AB75EA /* Main.storyboard */,
				B1249A2121AE1C9C00AB75EA /* LaunchScreen.storyboard */,
				B1249A5521AE384100AB75EA /* UserCell.swift */,
			);
			path = View;
			sourceTree = "<group>";
		};
		B1249A4D21AE30FB00AB75EA /* Model */ = {
			isa = PBXGroup;
			children = (
				B1249A5121AE352600AB75EA /* LocalUser+CoreDataClass.swift */,
				B1249A5221AE352600AB75EA /* LocalUser+CoreDataProperties.swift */,
				B1249A1C21AE1C9B00AB75EA /* TaskFetcher.xcdatamodeld */,
			);
			path = Model;
			sourceTree = "<group>";
		};
		B1249A4E21AE310F00AB75EA /* Services */ = {
			isa = PBXGroup;
			children = (
				B1249A4F21AE312100AB75EA /* CDService.swift */,
				B1249A5921AE5E1E00AB75EA /* SessionManager.swift */,
			);
			path = Services;
			sourceTree = "<group>";
		};
/* End PBXGroup section */

/* Begin PBXNativeTarget section */
		B1249A1121AE1C9B00AB75EA /* TaskFetcher */ = {
			isa = PBXNativeTarget;
			buildConfigurationList = B1249A3D21AE1C9C00AB75EA /* Build configuration list for PBXNativeTarget "TaskFetcher" */;
			buildPhases = (
				9D75B88E6577A75A49C57588 /* [CP] Check Pods Manifest.lock */,
				B1249A0E21AE1C9B00AB75EA /* Sources */,
				B1249A0F21AE1C9B00AB75EA /* Frameworks */,
				B1249A1021AE1C9B00AB75EA /* Resources */,
				A81DFC0815D576A48E30DE0F /* [CP] Embed Pods Frameworks */,
			);
			buildRules = (
			);
			dependencies = (
			);
			name = TaskFetcher;
			productName = TaskFetcher;
			productReference = B1249A1221AE1C9B00AB75EA /* TaskFetcher.app */;
			productType = "com.apple.product-type.application";
		};
		B1249A2821AE1C9C00AB75EA /* TaskFetcherTests */ = {
			isa = PBXNativeTarget;
			buildConfigurationList = B1249A4021AE1C9C00AB75EA /* Build configuration list for PBXNativeTarget "TaskFetcherTests" */;
			buildPhases = (
				37D9F2FC98FF2360AC5953FC /* [CP] Check Pods Manifest.lock */,
				B1249A2521AE1C9C00AB75EA /* Sources */,
				B1249A2621AE1C9C00AB75EA /* Frameworks */,
				B1249A2721AE1C9C00AB75EA /* Resources */,
			);
			buildRules = (
			);
			dependencies = (
				B1249A2B21AE1C9C00AB75EA /* PBXTargetDependency */,
			);
			name = TaskFetcherTests;
			productName = TaskFetcherTests;
			productReference = B1249A2921AE1C9C00AB75EA /* TaskFetcherTests.xctest */;
			productType = "com.apple.product-type.bundle.unit-test";
		};
		B1249A3321AE1C9C00AB75EA /* TaskFetcherUITests */ = {
			isa = PBXNativeTarget;
			buildConfigurationList = B1249A4321AE1C9C00AB75EA /* Build configuration list for PBXNativeTarget "TaskFetcherUITests" */;
			buildPhases = (
				8F4C25D94145E21D9B4F0C29 /* [CP] Check Pods Manifest.lock */,
				B1249A3021AE1C9C00AB75EA /* Sources */,
				B1249A3121AE1C9C00AB75EA /* Frameworks */,
				B1249A3221AE1C9C00AB75EA /* Resources */,
			);
			buildRules = (
			);
			dependencies = (
				B1249A3621AE1C9C00AB75EA /* PBXTargetDependency */,
			);
			name = TaskFetcherUITests;
			productName = TaskFetcherUITests;
			productReference = B1249A3421AE1C9C00AB75EA /* TaskFetcherUITests.xctest */;
			productType = "com.apple.product-type.bundle.ui-testing";
		};
/* End PBXNativeTarget section */

/* Begin PBXProject section */
		B1249A0A21AE1C9B00AB75EA /* Project object */ = {
			isa = PBXProject;
			attributes = {
				LastSwiftUpdateCheck = 1000;
				LastUpgradeCheck = 1000;
				ORGANIZATIONNAME = "Jonathan Compton";
				TargetAttributes = {
					B1249A1121AE1C9B00AB75EA = {
						CreatedOnToolsVersion = 10.0;
						SystemCapabilities = {
							com.apple.InAppPurchase = {
								enabled = 1;
							};
						};
					};
					B1249A2821AE1C9C00AB75EA = {
						CreatedOnToolsVersion = 10.0;
						TestTargetID = B1249A1121AE1C9B00AB75EA;
					};
					B1249A3321AE1C9C00AB75EA = {
						CreatedOnToolsVersion = 10.0;
						TestTargetID = B1249A1121AE1C9B00AB75EA;
					};
				};
			};
			buildConfigurationList = B1249A0D21AE1C9B00AB75EA /* Build configuration list for PBXProject "TaskFetcher" */;
			compatibilityVersion = "Xcode 9.3";
			developmentRegion = en;
			hasScannedForEncodings = 0;
			knownRegions = (
				en,
				Base,
			);
			mainGroup = B1249A0921AE1C9B00AB75EA;
			productRefGroup = B1249A1321AE1C9B00AB75EA /* Products */;
			projectDirPath = "";
			projectRoot = "";
			targets = (
				B1249A1121AE1C9B00AB75EA /* TaskFetcher */,
				B1249A2821AE1C9C00AB75EA /* TaskFetcherTests */,
				B1249A3321AE1C9C00AB75EA /* TaskFetcherUITests */,
			);
		};
/* End PBXProject section */

/* Begin PBXResourcesBuildPhase section */
		B1249A1021AE1C9B00AB75EA /* Resources */ = {
			isa = PBXResourcesBuildPhase;
			buildActionMask = 2147483647;
			files = (
				B1249A2321AE1C9C00AB75EA /* LaunchScreen.storyboard in Resources */,
				B1249A4A21AE2B1D00AB75EA /* GoogleService-Info.plist in Resources */,
				B1249A2021AE1C9C00AB75EA /* Assets.xcassets in Resources */,
				B1249A1B21AE1C9B00AB75EA /* Main.storyboard in Resources */,
			);
			runOnlyForDeploymentPostprocessing = 0;
		};
		B1249A2721AE1C9C00AB75EA /* Resources */ = {
			isa = PBXResourcesBuildPhase;
			buildActionMask = 2147483647;
			files = (
			);
			runOnlyForDeploymentPostprocessing = 0;
		};
		B1249A3221AE1C9C00AB75EA /* Resources */ = {
			isa = PBXResourcesBuildPhase;
			buildActionMask = 2147483647;
			files = (
			);
			runOnlyForDeploymentPostprocessing = 0;
		};
/* End PBXResourcesBuildPhase section */

/* Begin PBXShellScriptBuildPhase section */
		37D9F2FC98FF2360AC5953FC /* [CP] Check Pods Manifest.lock */ = {
			isa = PBXShellScriptBuildPhase;
			buildActionMask = 2147483647;
			files = (
			);
			inputPaths = (
				"${PODS_PODFILE_DIR_PATH}/Podfile.lock",
				"${PODS_ROOT}/Manifest.lock",
			);
			name = "[CP] Check Pods Manifest.lock";
			outputPaths = (
				"$(DERIVED_FILE_DIR)/Pods-TaskFetcherTests-checkManifestLockResult.txt",
			);
			runOnlyForDeploymentPostprocessing = 0;
			shellPath = /bin/sh;
			shellScript = "diff \"${PODS_PODFILE_DIR_PATH}/Podfile.lock\" \"${PODS_ROOT}/Manifest.lock\" > /dev/null\nif [ $? != 0 ] ; then\n    # print error to STDERR\n    echo \"error: The sandbox is not in sync with the Podfile.lock. Run 'pod install' or update your CocoaPods installation.\" >&2\n    exit 1\nfi\n# This output is used by Xcode 'outputs' to avoid re-running this script phase.\necho \"SUCCESS\" > \"${SCRIPT_OUTPUT_FILE_0}\"\n";
			showEnvVarsInLog = 0;
		};
		8F4C25D94145E21D9B4F0C29 /* [CP] Check Pods Manifest.lock */ = {
			isa = PBXShellScriptBuildPhase;
			buildActionMask = 2147483647;
			files = (
			);
			inputPaths = (
				"${PODS_PODFILE_DIR_PATH}/Podfile.lock",
				"${PODS_ROOT}/Manifest.lock",
			);
			name = "[CP] Check Pods Manifest.lock";
			outputPaths = (
				"$(DERIVED_FILE_DIR)/Pods-TaskFetcherUITests-checkManifestLockResult.txt",
			);
			runOnlyForDeploymentPostprocessing = 0;
			shellPath = /bin/sh;
			shellScript = "diff \"${PODS_PODFILE_DIR_PATH}/Podfile.lock\" \"${PODS_ROOT}/Manifest.lock\" > /dev/null\nif [ $? != 0 ] ; then\n    # print error to STDERR\n    echo \"error: The sandbox is not in sync with the Podfile.lock. Run 'pod install' or update your CocoaPods installation.\" >&2\n    exit 1\nfi\n# This output is used by Xcode 'outputs' to avoid re-running this script phase.\necho \"SUCCESS\" > \"${SCRIPT_OUTPUT_FILE_0}\"\n";
			showEnvVarsInLog = 0;
		};
		9D75B88E6577A75A49C57588 /* [CP] Check Pods Manifest.lock */ = {
			isa = PBXShellScriptBuildPhase;
			buildActionMask = 2147483647;
			files = (
			);
			inputPaths = (
				"${PODS_PODFILE_DIR_PATH}/Podfile.lock",
				"${PODS_ROOT}/Manifest.lock",
			);
			name = "[CP] Check Pods Manifest.lock";
			outputPaths = (
				"$(DERIVED_FILE_DIR)/Pods-TaskFetcher-checkManifestLockResult.txt",
			);
			runOnlyForDeploymentPostprocessing = 0;
			shellPath = /bin/sh;
			shellScript = "diff \"${PODS_PODFILE_DIR_PATH}/Podfile.lock\" \"${PODS_ROOT}/Manifest.lock\" > /dev/null\nif [ $? != 0 ] ; then\n    # print error to STDERR\n    echo \"error: The sandbox is not in sync with the Podfile.lock. Run 'pod install' or update your CocoaPods installation.\" >&2\n    exit 1\nfi\n# This output is used by Xcode 'outputs' to avoid re-running this script phase.\necho \"SUCCESS\" > \"${SCRIPT_OUTPUT_FILE_0}\"\n";
			showEnvVarsInLog = 0;
		};
		A81DFC0815D576A48E30DE0F /* [CP] Embed Pods Frameworks */ = {
			isa = PBXShellScriptBuildPhase;
			buildActionMask = 2147483647;
			files = (
			);
			inputPaths = (
				"${SRCROOT}/Pods/Target Support Files/Pods-TaskFetcher/Pods-TaskFetcher-frameworks.sh",
				"${BUILT_PRODUCTS_DIR}/GTMSessionFetcher/GTMSessionFetcher.framework",
				"${BUILT_PRODUCTS_DIR}/GoogleUtilities/GoogleUtilities.framework",
				"${BUILT_PRODUCTS_DIR}/SVProgressHUD/SVProgressHUD.framework",
				"${BUILT_PRODUCTS_DIR}/leveldb-library/leveldb.framework",
				"${BUILT_PRODUCTS_DIR}/nanopb/nanopb.framework",
			);
			name = "[CP] Embed Pods Frameworks";
			outputPaths = (
				"${TARGET_BUILD_DIR}/${FRAMEWORKS_FOLDER_PATH}/GTMSessionFetcher.framework",
				"${TARGET_BUILD_DIR}/${FRAMEWORKS_FOLDER_PATH}/GoogleUtilities.framework",
				"${TARGET_BUILD_DIR}/${FRAMEWORKS_FOLDER_PATH}/SVProgressHUD.framework",
				"${TARGET_BUILD_DIR}/${FRAMEWORKS_FOLDER_PATH}/leveldb.framework",
				"${TARGET_BUILD_DIR}/${FRAMEWORKS_FOLDER_PATH}/nanopb.framework",
			);
			runOnlyForDeploymentPostprocessing = 0;
			shellPath = /bin/sh;
			shellScript = "\"${SRCROOT}/Pods/Target Support Files/Pods-TaskFetcher/Pods-TaskFetcher-frameworks.sh\"\n";
			showEnvVarsInLog = 0;
		};
/* End PBXShellScriptBuildPhase section */

/* Begin PBXSourcesBuildPhase section */
		B1249A0E21AE1C9B00AB75EA /* Sources */ = {
			isa = PBXSourcesBuildPhase;
			buildActionMask = 2147483647;
			files = (
				B1249A5321AE352600AB75EA /* LocalUser+CoreDataClass.swift in Sources */,
				B1249A1E21AE1C9B00AB75EA /* TaskFetcher.xcdatamodeld in Sources */,
				B1249A5421AE352600AB75EA /* LocalUser+CoreDataProperties.swift in Sources */,
				B1249A5A21AE5E1E00AB75EA /* SessionManager.swift in Sources */,
				B1249A1821AE1C9B00AB75EA /* HomeVC.swift in Sources */,
				B1249A5021AE312100AB75EA /* CDService.swift in Sources */,
				B1B9764021AE727000C20CA4 /* PrimarySplitViewController.swift in Sources */,
				B1249A1621AE1C9B00AB75EA /* AppDelegate.swift in Sources */,
				B1249A5821AE42E100AB75EA /* LoginSignupVC.swift in Sources */,
				B1249A5621AE384100AB75EA /* UserCell.swift in Sources */,
			);
			runOnlyForDeploymentPostprocessing = 0;
		};
		B1249A2521AE1C9C00AB75EA /* Sources */ = {
			isa = PBXSourcesBuildPhase;
			buildActionMask = 2147483647;
			files = (
				B1249A2E21AE1C9C00AB75EA /* TaskFetcherTests.swift in Sources */,
			);
			runOnlyForDeploymentPostprocessing = 0;
		};
		B1249A3021AE1C9C00AB75EA /* Sources */ = {
			isa = PBXSourcesBuildPhase;
			buildActionMask = 2147483647;
			files = (
				B1249A3921AE1C9C00AB75EA /* TaskFetcherUITests.swift in Sources */,
			);
			runOnlyForDeploymentPostprocessing = 0;
		};
/* End PBXSourcesBuildPhase section */

/* Begin PBXTargetDependency section */
		B1249A2B21AE1C9C00AB75EA /* PBXTargetDependency */ = {
			isa = PBXTargetDependency;
			target = B1249A1121AE1C9B00AB75EA /* TaskFetcher */;
			targetProxy = B1249A2A21AE1C9C00AB75EA /* PBXContainerItemProxy */;
		};
		B1249A3621AE1C9C00AB75EA /* PBXTargetDependency */ = {
			isa = PBXTargetDependency;
			target = B1249A1121AE1C9B00AB75EA /* TaskFetcher */;
			targetProxy = B1249A3521AE1C9C00AB75EA /* PBXContainerItemProxy */;
		};
/* End PBXTargetDependency section */

/* Begin PBXVariantGroup section */
		B1249A1921AE1C9B00AB75EA /* Main.storyboard */ = {
			isa = PBXVariantGroup;
			children = (
				B1249A1A21AE1C9B00AB75EA /* Base */,
			);
			name = Main.storyboard;
			sourceTree = "<group>";
		};
		B1249A2121AE1C9C00AB75EA /* LaunchScreen.storyboard */ = {
			isa = PBXVariantGroup;
			children = (
				B1249A2221AE1C9C00AB75EA /* Base */,
			);
			name = LaunchScreen.storyboard;
			sourceTree = "<group>";
		};
/* End PBXVariantGroup section */

/* Begin XCBuildConfiguration section */
		B1249A3B21AE1C9C00AB75EA /* Debug */ = {
			isa = XCBuildConfiguration;
			buildSettings = {
				ALWAYS_SEARCH_USER_PATHS = NO;
				CLANG_ANALYZER_NONNULL = YES;
				CLANG_ANALYZER_NUMBER_OBJECT_CONVERSION = YES_AGGRESSIVE;
				CLANG_CXX_LANGUAGE_STANDARD = "gnu++14";
				CLANG_CXX_LIBRARY = "libc++";
				CLANG_ENABLE_MODULES = YES;
				CLANG_ENABLE_OBJC_ARC = YES;
				CLANG_ENABLE_OBJC_WEAK = YES;
				CLANG_WARN_BLOCK_CAPTURE_AUTORELEASING = YES;
				CLANG_WARN_BOOL_CONVERSION = YES;
				CLANG_WARN_COMMA = YES;
				CLANG_WARN_CONSTANT_CONVERSION = YES;
				CLANG_WARN_DEPRECATED_OBJC_IMPLEMENTATIONS = YES;
				CLANG_WARN_DIRECT_OBJC_ISA_USAGE = YES_ERROR;
				CLANG_WARN_DOCUMENTATION_COMMENTS = YES;
				CLANG_WARN_EMPTY_BODY = YES;
				CLANG_WARN_ENUM_CONVERSION = YES;
				CLANG_WARN_INFINITE_RECURSION = YES;
				CLANG_WARN_INT_CONVERSION = YES;
				CLANG_WARN_NON_LITERAL_NULL_CONVERSION = YES;
				CLANG_WARN_OBJC_IMPLICIT_RETAIN_SELF = YES;
				CLANG_WARN_OBJC_LITERAL_CONVERSION = YES;
				CLANG_WARN_OBJC_ROOT_CLASS = YES_ERROR;
				CLANG_WARN_RANGE_LOOP_ANALYSIS = YES;
				CLANG_WARN_STRICT_PROTOTYPES = YES;
				CLANG_WARN_SUSPICIOUS_MOVE = YES;
				CLANG_WARN_UNGUARDED_AVAILABILITY = YES_AGGRESSIVE;
				CLANG_WARN_UNREACHABLE_CODE = YES;
				CLANG_WARN__DUPLICATE_METHOD_MATCH = YES;
				CODE_SIGN_IDENTITY = "iPhone Developer";
				COPY_PHASE_STRIP = NO;
				DEBUG_INFORMATION_FORMAT = dwarf;
				ENABLE_STRICT_OBJC_MSGSEND = YES;
				ENABLE_TESTABILITY = YES;
				GCC_C_LANGUAGE_STANDARD = gnu11;
				GCC_DYNAMIC_NO_PIC = NO;
				GCC_NO_COMMON_BLOCKS = YES;
				GCC_OPTIMIZATION_LEVEL = 0;
				GCC_PREPROCESSOR_DEFINITIONS = (
					"DEBUG=1",
					"$(inherited)",
				);
				GCC_WARN_64_TO_32_BIT_CONVERSION = YES;
				GCC_WARN_ABOUT_RETURN_TYPE = YES_ERROR;
				GCC_WARN_UNDECLARED_SELECTOR = YES;
				GCC_WARN_UNINITIALIZED_AUTOS = YES_AGGRESSIVE;
				GCC_WARN_UNUSED_FUNCTION = YES;
				GCC_WARN_UNUSED_VARIABLE = YES;
				IPHONEOS_DEPLOYMENT_TARGET = 12.0;
				MTL_ENABLE_DEBUG_INFO = INCLUDE_SOURCE;
				MTL_FAST_MATH = YES;
				ONLY_ACTIVE_ARCH = YES;
				SDKROOT = iphoneos;
				SWIFT_ACTIVE_COMPILATION_CONDITIONS = DEBUG;
				SWIFT_OPTIMIZATION_LEVEL = "-Onone";
			};
			name = Debug;
		};
		B1249A3C21AE1C9C00AB75EA /* Release */ = {
			isa = XCBuildConfiguration;
			buildSettings = {
				ALWAYS_SEARCH_USER_PATHS = NO;
				CLANG_ANALYZER_NONNULL = YES;
				CLANG_ANALYZER_NUMBER_OBJECT_CONVERSION = YES_AGGRESSIVE;
				CLANG_CXX_LANGUAGE_STANDARD = "gnu++14";
				CLANG_CXX_LIBRARY = "libc++";
				CLANG_ENABLE_MODULES = YES;
				CLANG_ENABLE_OBJC_ARC = YES;
				CLANG_ENABLE_OBJC_WEAK = YES;
				CLANG_WARN_BLOCK_CAPTURE_AUTORELEASING = YES;
				CLANG_WARN_BOOL_CONVERSION = YES;
				CLANG_WARN_COMMA = YES;
				CLANG_WARN_CONSTANT_CONVERSION = YES;
				CLANG_WARN_DEPRECATED_OBJC_IMPLEMENTATIONS = YES;
				CLANG_WARN_DIRECT_OBJC_ISA_USAGE = YES_ERROR;
				CLANG_WARN_DOCUMENTATION_COMMENTS = YES;
				CLANG_WARN_EMPTY_BODY = YES;
				CLANG_WARN_ENUM_CONVERSION = YES;
				CLANG_WARN_INFINITE_RECURSION = YES;
				CLANG_WARN_INT_CONVERSION = YES;
				CLANG_WARN_NON_LITERAL_NULL_CONVERSION = YES;
				CLANG_WARN_OBJC_IMPLICIT_RETAIN_SELF = YES;
				CLANG_WARN_OBJC_LITERAL_CONVERSION = YES;
				CLANG_WARN_OBJC_ROOT_CLASS = YES_ERROR;
				CLANG_WARN_RANGE_LOOP_ANALYSIS = YES;
				CLANG_WARN_STRICT_PROTOTYPES = YES;
				CLANG_WARN_SUSPICIOUS_MOVE = YES;
				CLANG_WARN_UNGUARDED_AVAILABILITY = YES_AGGRESSIVE;
				CLANG_WARN_UNREACHABLE_CODE = YES;
				CLANG_WARN__DUPLICATE_METHOD_MATCH = YES;
				CODE_SIGN_IDENTITY = "iPhone Developer";
				COPY_PHASE_STRIP = NO;
				DEBUG_INFORMATION_FORMAT = "dwarf-with-dsym";
				ENABLE_NS_ASSERTIONS = NO;
				ENABLE_STRICT_OBJC_MSGSEND = YES;
				GCC_C_LANGUAGE_STANDARD = gnu11;
				GCC_NO_COMMON_BLOCKS = YES;
				GCC_WARN_64_TO_32_BIT_CONVERSION = YES;
				GCC_WARN_ABOUT_RETURN_TYPE = YES_ERROR;
				GCC_WARN_UNDECLARED_SELECTOR = YES;
				GCC_WARN_UNINITIALIZED_AUTOS = YES_AGGRESSIVE;
				GCC_WARN_UNUSED_FUNCTION = YES;
				GCC_WARN_UNUSED_VARIABLE = YES;
				IPHONEOS_DEPLOYMENT_TARGET = 12.0;
				MTL_ENABLE_DEBUG_INFO = NO;
				MTL_FAST_MATH = YES;
				SDKROOT = iphoneos;
				SWIFT_COMPILATION_MODE = wholemodule;
				SWIFT_OPTIMIZATION_LEVEL = "-O";
				VALIDATE_PRODUCT = YES;
			};
			name = Release;
		};
		B1249A3E21AE1C9C00AB75EA /* Debug */ = {
			isa = XCBuildConfiguration;
			baseConfigurationReference = C498704BE9033E45B8D07913 /* Pods-TaskFetcher.debug.xcconfig */;
			buildSettings = {
				ASSETCATALOG_COMPILER_APPICON_NAME = AppIcon;
				CODE_SIGN_STYLE = Automatic;
				DEVELOPMENT_TEAM = RF9G4QRLLG;
				INFOPLIST_FILE = TaskFetcher/Info.plist;
				LD_RUNPATH_SEARCH_PATHS = (
					"$(inherited)",
					"@executable_path/Frameworks",
				);
				PRODUCT_BUNDLE_IDENTIFIER = com.grouchybartender.TaskFetcher;
				PRODUCT_NAME = "$(TARGET_NAME)";
				SWIFT_VERSION = 4.2;
				TARGETED_DEVICE_FAMILY = "1,2";
			};
			name = Debug;
		};
		B1249A3F21AE1C9C00AB75EA /* Release */ = {
			isa = XCBuildConfiguration;
			baseConfigurationReference = 97854D07C02F4B5A19034E82 /* Pods-TaskFetcher.release.xcconfig */;
			buildSettings = {
				ASSETCATALOG_COMPILER_APPICON_NAME = AppIcon;
				CODE_SIGN_STYLE = Automatic;
				DEVELOPMENT_TEAM = RF9G4QRLLG;
				INFOPLIST_FILE = TaskFetcher/Info.plist;
				LD_RUNPATH_SEARCH_PATHS = (
					"$(inherited)",
					"@executable_path/Frameworks",
				);
				PRODUCT_BUNDLE_IDENTIFIER = com.grouchybartender.TaskFetcher;
				PRODUCT_NAME = "$(TARGET_NAME)";
				SWIFT_VERSION = 4.2;
				TARGETED_DEVICE_FAMILY = "1,2";
			};
			name = Release;
		};
		B1249A4121AE1C9C00AB75EA /* Debug */ = {
			isa = XCBuildConfiguration;
			baseConfigurationReference = 4A2212E006B634D74101CC0F /* Pods-TaskFetcherTests.debug.xcconfig */;
			buildSettings = {
				ALWAYS_EMBED_SWIFT_STANDARD_LIBRARIES = YES;
				BUNDLE_LOADER = "$(TEST_HOST)";
				CODE_SIGN_STYLE = Automatic;
				INFOPLIST_FILE = TaskFetcherTests/Info.plist;
				LD_RUNPATH_SEARCH_PATHS = (
					"$(inherited)",
					"@executable_path/Frameworks",
					"@loader_path/Frameworks",
				);
				PRODUCT_BUNDLE_IDENTIFIER = com.grouchybartender.TaskFetcherTests;
				PRODUCT_NAME = "$(TARGET_NAME)";
				SWIFT_VERSION = 4.2;
				TARGETED_DEVICE_FAMILY = "1,2";
				TEST_HOST = "$(BUILT_PRODUCTS_DIR)/TaskFetcher.app/TaskFetcher";
			};
			name = Debug;
		};
		B1249A4221AE1C9C00AB75EA /* Release */ = {
			isa = XCBuildConfiguration;
			baseConfigurationReference = 921A3BC1F845987D39DC1831 /* Pods-TaskFetcherTests.release.xcconfig */;
			buildSettings = {
				ALWAYS_EMBED_SWIFT_STANDARD_LIBRARIES = YES;
				BUNDLE_LOADER = "$(TEST_HOST)";
				CODE_SIGN_STYLE = Automatic;
				INFOPLIST_FILE = TaskFetcherTests/Info.plist;
				LD_RUNPATH_SEARCH_PATHS = (
					"$(inherited)",
					"@executable_path/Frameworks",
					"@loader_path/Frameworks",
				);
				PRODUCT_BUNDLE_IDENTIFIER = com.grouchybartender.TaskFetcherTests;
				PRODUCT_NAME = "$(TARGET_NAME)";
				SWIFT_VERSION = 4.2;
				TARGETED_DEVICE_FAMILY = "1,2";
				TEST_HOST = "$(BUILT_PRODUCTS_DIR)/TaskFetcher.app/TaskFetcher";
			};
			name = Release;
		};
		B1249A4421AE1C9C00AB75EA /* Debug */ = {
			isa = XCBuildConfiguration;
			baseConfigurationReference = 30F5D42E6EBD3185ADF41154 /* Pods-TaskFetcherUITests.debug.xcconfig */;
			buildSettings = {
				ALWAYS_EMBED_SWIFT_STANDARD_LIBRARIES = YES;
				CODE_SIGN_STYLE = Automatic;
				INFOPLIST_FILE = TaskFetcherUITests/Info.plist;
				LD_RUNPATH_SEARCH_PATHS = (
					"$(inherited)",
					"@executable_path/Frameworks",
					"@loader_path/Frameworks",
				);
				PRODUCT_BUNDLE_IDENTIFIER = com.grouchybartender.TaskFetcherUITests;
				PRODUCT_NAME = "$(TARGET_NAME)";
				SWIFT_VERSION = 4.2;
				TARGETED_DEVICE_FAMILY = "1,2";
				TEST_TARGET_NAME = TaskFetcher;
			};
			name = Debug;
		};
		B1249A4521AE1C9C00AB75EA /* Release */ = {
			isa = XCBuildConfiguration;
			baseConfigurationReference = 59218F1755F54500DD089A7C /* Pods-TaskFetcherUITests.release.xcconfig */;
			buildSettings = {
				ALWAYS_EMBED_SWIFT_STANDARD_LIBRARIES = YES;
				CODE_SIGN_STYLE = Automatic;
				INFOPLIST_FILE = TaskFetcherUITests/Info.plist;
				LD_RUNPATH_SEARCH_PATHS = (
					"$(inherited)",
					"@executable_path/Frameworks",
					"@loader_path/Frameworks",
				);
				PRODUCT_BUNDLE_IDENTIFIER = com.grouchybartender.TaskFetcherUITests;
				PRODUCT_NAME = "$(TARGET_NAME)";
				SWIFT_VERSION = 4.2;
				TARGETED_DEVICE_FAMILY = "1,2";
				TEST_TARGET_NAME = TaskFetcher;
			};
			name = Release;
		};
/* End XCBuildConfiguration section */

/* Begin XCConfigurationList section */
		B1249A0D21AE1C9B00AB75EA /* Build configuration list for PBXProject "TaskFetcher" */ = {
			isa = XCConfigurationList;
			buildConfigurations = (
				B1249A3B21AE1C9C00AB75EA /* Debug */,
				B1249A3C21AE1C9C00AB75EA /* Release */,
			);
			defaultConfigurationIsVisible = 0;
			defaultConfigurationName = Release;
		};
		B1249A3D21AE1C9C00AB75EA /* Build configuration list for PBXNativeTarget "TaskFetcher" */ = {
			isa = XCConfigurationList;
			buildConfigurations = (
				B1249A3E21AE1C9C00AB75EA /* Debug */,
				B1249A3F21AE1C9C00AB75EA /* Release */,
			);
			defaultConfigurationIsVisible = 0;
			defaultConfigurationName = Release;
		};
		B1249A4021AE1C9C00AB75EA /* Build configuration list for PBXNativeTarget "TaskFetcherTests" */ = {
			isa = XCConfigurationList;
			buildConfigurations = (
				B1249A4121AE1C9C00AB75EA /* Debug */,
				B1249A4221AE1C9C00AB75EA /* Release */,
			);
			defaultConfigurationIsVisible = 0;
			defaultConfigurationName = Release;
		};
		B1249A4321AE1C9C00AB75EA /* Build configuration list for PBXNativeTarget "TaskFetcherUITests" */ = {
			isa = XCConfigurationList;
			buildConfigurations = (
				B1249A4421AE1C9C00AB75EA /* Debug */,
				B1249A4521AE1C9C00AB75EA /* Release */,
			);
			defaultConfigurationIsVisible = 0;
			defaultConfigurationName = Release;
		};
/* End XCConfigurationList section */

/* Begin XCVersionGroup section */
		B1249A1C21AE1C9B00AB75EA /* TaskFetcher.xcdatamodeld */ = {
			isa = XCVersionGroup;
			children = (
				B1249A1D21AE1C9B00AB75EA /* TaskFetcher.xcdatamodel */,
			);
			currentVersion = B1249A1D21AE1C9B00AB75EA /* TaskFetcher.xcdatamodel */;
			path = TaskFetcher.xcdatamodeld;
			sourceTree = "<group>";
			versionGroupType = wrapper.xcdatamodel;
		};
/* End XCVersionGroup section */
	};
	rootObject = B1249A0A21AE1C9B00AB75EA /* Project object */;
}
